// !$*UTF8*$!
{
	archiveVersion = 1;
	classes = {
	};
	objectVersion = 46;
	objects = {

/* Begin PBXBuildFile section */
		1A61220F66EFB29F6AD3FC5A /* Pods_Catalog.framework in Frameworks */ = {isa = PBXBuildFile; fileRef = D537C551FA9244C9B94BC95F /* Pods_Catalog.framework */; };
		C95B7E711F06095A005C7BFE /* AppDelegate.swift in Sources */ = {isa = PBXBuildFile; fileRef = C95B7E701F06095A005C7BFE /* AppDelegate.swift */; };
		C95B7E731F06095A005C7BFE /* ViewController.swift in Sources */ = {isa = PBXBuildFile; fileRef = C95B7E721F06095A005C7BFE /* ViewController.swift */; };
		C95B7E761F06095A005C7BFE /* Main.storyboard in Resources */ = {isa = PBXBuildFile; fileRef = C95B7E741F06095A005C7BFE /* Main.storyboard */; };
		C95B7E781F06095A005C7BFE /* Assets.xcassets in Resources */ = {isa = PBXBuildFile; fileRef = C95B7E771F06095A005C7BFE /* Assets.xcassets */; };
		C95B7E7B1F06095A005C7BFE /* LaunchScreen.storyboard in Resources */ = {isa = PBXBuildFile; fileRef = C95B7E791F06095A005C7BFE /* LaunchScreen.storyboard */; };
/* End PBXBuildFile section */

/* Begin PBXFileReference section */
		139BFAFEB180935304BD6967 /* Pods-Catalog.release.xcconfig */ = {isa = PBXFileReference; includeInIndex = 1; lastKnownFileType = text.xcconfig; name = "Pods-Catalog.release.xcconfig"; path = "Pods/Target Support Files/Pods-Catalog/Pods-Catalog.release.xcconfig"; sourceTree = "<group>"; };
		C95B7E6D1F06095A005C7BFE /* Catalog.app */ = {isa = PBXFileReference; explicitFileType = wrapper.application; includeInIndex = 0; path = Catalog.app; sourceTree = BUILT_PRODUCTS_DIR; };
		C95B7E701F06095A005C7BFE /* AppDelegate.swift */ = {isa = PBXFileReference; lastKnownFileType = sourcecode.swift; path = AppDelegate.swift; sourceTree = "<group>"; };
		C95B7E721F06095A005C7BFE /* ViewController.swift */ = {isa = PBXFileReference; lastKnownFileType = sourcecode.swift; path = ViewController.swift; sourceTree = "<group>"; };
		C95B7E751F06095A005C7BFE /* Base */ = {isa = PBXFileReference; lastKnownFileType = file.storyboard; name = Base; path = Base.lproj/Main.storyboard; sourceTree = "<group>"; };
		C95B7E771F06095A005C7BFE /* Assets.xcassets */ = {isa = PBXFileReference; lastKnownFileType = folder.assetcatalog; path = Assets.xcassets; sourceTree = "<group>"; };
		C95B7E7A1F06095A005C7BFE /* Base */ = {isa = PBXFileReference; lastKnownFileType = file.storyboard; name = Base; path = Base.lproj/LaunchScreen.storyboard; sourceTree = "<group>"; };
		C95B7E7C1F06095A005C7BFE /* Info.plist */ = {isa = PBXFileReference; lastKnownFileType = text.plist.xml; path = Info.plist; sourceTree = "<group>"; };
		D537C551FA9244C9B94BC95F /* Pods_Catalog.framework */ = {isa = PBXFileReference; explicitFileType = wrapper.framework; includeInIndex = 0; path = Pods_Catalog.framework; sourceTree = BUILT_PRODUCTS_DIR; };
		E3BC135BE9567C90184C29E6 /* Pods-Catalog.debug.xcconfig */ = {isa = PBXFileReference; includeInIndex = 1; lastKnownFileType = text.xcconfig; name = "Pods-Catalog.debug.xcconfig"; path = "Pods/Target Support Files/Pods-Catalog/Pods-Catalog.debug.xcconfig"; sourceTree = "<group>"; };
/* End PBXFileReference section */

/* Begin PBXFrameworksBuildPhase section */
		C95B7E6A1F06095A005C7BFE /* Frameworks */ = {
			isa = PBXFrameworksBuildPhase;
			buildActionMask = 2147483647;
			files = (
				1A61220F66EFB29F6AD3FC5A /* Pods_Catalog.framework in Frameworks */,
			);
			runOnlyForDeploymentPostprocessing = 0;
		};
/* End PBXFrameworksBuildPhase section */

/* Begin PBXGroup section */
		64A4B832E7A55EB254FBB1BB /* Frameworks */ = {
			isa = PBXGroup;
			children = (
				D537C551FA9244C9B94BC95F /* Pods_Catalog.framework */,
			);
			name = Frameworks;
			sourceTree = "<group>";
		};
		ACF08082BC9F116264953B1F /* Pods */ = {
			isa = PBXGroup;
			children = (
				E3BC135BE9567C90184C29E6 /* Pods-Catalog.debug.xcconfig */,
				139BFAFEB180935304BD6967 /* Pods-Catalog.release.xcconfig */,
			);
			name = Pods;
			sourceTree = "<group>";
		};
		C95B7E641F06095A005C7BFE = {
			isa = PBXGroup;
			children = (
				C95B7E6F1F06095A005C7BFE /* Catalog */,
				C95B7E6E1F06095A005C7BFE /* Products */,
				ACF08082BC9F116264953B1F /* Pods */,
				64A4B832E7A55EB254FBB1BB /* Frameworks */,
			);
			sourceTree = "<group>";
		};
		C95B7E6E1F06095A005C7BFE /* Products */ = {
			isa = PBXGroup;
			children = (
				C95B7E6D1F06095A005C7BFE /* Catalog.app */,
			);
			name = Products;
			sourceTree = "<group>";
		};
		C95B7E6F1F06095A005C7BFE /* Catalog */ = {
			isa = PBXGroup;
			children = (
				C95B7E701F06095A005C7BFE /* AppDelegate.swift */,
				C95B7E721F06095A005C7BFE /* ViewController.swift */,
				C95B7E741F06095A005C7BFE /* Main.storyboard */,
				C95B7E771F06095A005C7BFE /* Assets.xcassets */,
				C95B7E791F06095A005C7BFE /* LaunchScreen.storyboard */,
				C95B7E7C1F06095A005C7BFE /* Info.plist */,
			);
			path = Catalog;
			sourceTree = "<group>";
		};
/* End PBXGroup section */

/* Begin PBXNativeTarget section */
		C95B7E6C1F06095A005C7BFE /* Catalog */ = {
			isa = PBXNativeTarget;
			buildConfigurationList = C95B7E7F1F06095A005C7BFE /* Build configuration list for PBXNativeTarget "Catalog" */;
			buildPhases = (
				DF70201083810AC45424BFA6 /* [CP] Check Pods Manifest.lock */,
				C95B7E691F06095A005C7BFE /* Sources */,
				C95B7E6A1F06095A005C7BFE /* Frameworks */,
				C95B7E6B1F06095A005C7BFE /* Resources */,
				03B6DEBA5B133F5FBB7DF0B6 /* [CP] Embed Pods Frameworks */,
				40103F35BBCAAA4616565E28 /* [CP] Copy Pods Resources */,
			);
			buildRules = (
			);
			dependencies = (
			);
			name = Catalog;
			productName = Catalog;
			productReference = C95B7E6D1F06095A005C7BFE /* Catalog.app */;
			productType = "com.apple.product-type.application";
		};
/* End PBXNativeTarget section */

/* Begin PBXProject section */
		C95B7E651F06095A005C7BFE /* Project object */ = {
			isa = PBXProject;
			attributes = {
				LastSwiftUpdateCheck = 0830;
				LastUpgradeCheck = 0830;
				ORGANIZATIONNAME = yueke;
				TargetAttributes = {
					C95B7E6C1F06095A005C7BFE = {
						CreatedOnToolsVersion = 8.3.3;
						DevelopmentTeam = 95QAJKS55F;
						ProvisioningStyle = Automatic;
					};
				};
			};
			buildConfigurationList = C95B7E681F06095A005C7BFE /* Build configuration list for PBXProject "Catalog" */;
			compatibilityVersion = "Xcode 3.2";
			developmentRegion = English;
			hasScannedForEncodings = 0;
			knownRegions = (
				en,
				Base,
			);
			mainGroup = C95B7E641F06095A005C7BFE;
			productRefGroup = C95B7E6E1F06095A005C7BFE /* Products */;
			projectDirPath = "";
			projectRoot = "";
			targets = (
				C95B7E6C1F06095A005C7BFE /* Catalog */,
			);
		};
/* End PBXProject section */

/* Begin PBXResourcesBuildPhase section */
		C95B7E6B1F06095A005C7BFE /* Resources */ = {
			isa = PBXResourcesBuildPhase;
			buildActionMask = 2147483647;
			files = (
				C95B7E7B1F06095A005C7BFE /* LaunchScreen.storyboard in Resources */,
				C95B7E781F06095A005C7BFE /* Assets.xcassets in Resources */,
				C95B7E761F06095A005C7BFE /* Main.storyboard in Resources */,
			);
			runOnlyForDeploymentPostprocessing = 0;
		};
/* End PBXResourcesBuildPhase section */

/* Begin PBXShellScriptBuildPhase section */
		03B6DEBA5B133F5FBB7DF0B6 /* [CP] Embed Pods Frameworks */ = {
			isa = PBXShellScriptBuildPhase;
			buildActionMask = 2147483647;
			files = (
			);
			inputPaths = (
			);
			name = "[CP] Embed Pods Frameworks";
			outputPaths = (
			);
			runOnlyForDeploymentPostprocessing = 0;
			shellPath = /bin/sh;
			shellScript = "\"${SRCROOT}/Pods/Target Support Files/Pods-Catalog/Pods-Catalog-frameworks.sh\"\n";
			showEnvVarsInLog = 0;
		};
		40103F35BBCAAA4616565E28 /* [CP] Copy Pods Resources */ = {
			isa = PBXShellScriptBuildPhase;
			buildActionMask = 2147483647;
			files = (
			);
			inputPaths = (
			);
			name = "[CP] Copy Pods Resources";
			outputPaths = (
			);
			runOnlyForDeploymentPostprocessing = 0;
			shellPath = /bin/sh;
			shellScript = "\"${SRCROOT}/Pods/Target Support Files/Pods-Catalog/Pods-Catalog-resources.sh\"\n";
			showEnvVarsInLog = 0;
		};
		DF70201083810AC45424BFA6 /* [CP] Check Pods Manifest.lock */ = {
			isa = PBXShellScriptBuildPhase;
			buildActionMask = 2147483647;
			files = (
			);
			inputPaths = (
			);
			name = "[CP] Check Pods Manifest.lock";
			outputPaths = (
			);
			runOnlyForDeploymentPostprocessing = 0;
			shellPath = /bin/sh;
			shellScript = "diff \"${PODS_PODFILE_DIR_PATH}/Podfile.lock\" \"${PODS_ROOT}/Manifest.lock\" > /dev/null\nif [ $? != 0 ] ; then\n    # print error to STDERR\n    echo \"error: The sandbox is not in sync with the Podfile.lock. Run 'pod install' or update your CocoaPods installation.\" >&2\n    exit 1\nfi\n";
			showEnvVarsInLog = 0;
		};
/* End PBXShellScriptBuildPhase section */

/* Begin PBXSourcesBuildPhase section */
		C95B7E691F06095A005C7BFE /* Sources */ = {
			isa = PBXSourcesBuildPhase;
			buildActionMask = 2147483647;
			files = (
				C95B7E731F06095A005C7BFE /* ViewController.swift in Sources */,
				C95B7E711F06095A005C7BFE /* AppDelegate.swift in Sources */,
			);
			runOnlyForDeploymentPostprocessing = 0;
		};
/* End PBXSourcesBuildPhase section */

/* Begin PBXVariantGroup section */
		C95B7E741F06095A005C7BFE /* Main.storyboard */ = {
			isa = PBXVariantGroup;
			children = (
				C95B7E751F06095A005C7BFE /* Base */,
			);
			name = Main.storyboard;
			sourceTree = "<group>";
		};
		C95B7E791F06095A005C7BFE /* LaunchScreen.storyboard */ = {
			isa = PBXVariantGroup;
			children = (
				C95B7E7A1F06095A005C7BFE /* Base */,
			);
			name = LaunchScreen.storyboard;
			sourceTree = "<group>";
		};
/* End PBXVariantGroup section */

/* Begin XCBuildConfiguration section */
		C95B7E7D1F06095A005C7BFE /* Debug */ = {
			isa = XCBuildConfiguration;
			buildSettings = {
				ALWAYS_SEARCH_USER_PATHS = NO;
				CLANG_ANALYZER_NONNULL = YES;
				CLANG_ANALYZER_NUMBER_OBJECT_CONVERSION = YES_AGGRESSIVE;
				CLANG_CXX_LANGUAGE_STANDARD = "gnu++0x";
				CLANG_CXX_LIBRARY = "libc++";
				CLANG_ENABLE_MODULES = YES;
				CLANG_ENABLE_OBJC_ARC = YES;
				CLANG_WARN_BOOL_CONVERSION = YES;
				CLANG_WARN_CONSTANT_CONVERSION = YES;
				CLANG_WARN_DIRECT_OBJC_ISA_USAGE = YES_ERROR;
				CLANG_WARN_DOCUMENTATION_COMMENTS = YES;
				CLANG_WARN_EMPTY_BODY = YES;
				CLANG_WARN_ENUM_CONVERSION = YES;
				CLANG_WARN_INFINITE_RECURSION = YES;
				CLANG_WARN_INT_CONVERSION = YES;
				CLANG_WARN_OBJC_ROOT_CLASS = YES_ERROR;
				CLANG_WARN_SUSPICIOUS_MOVE = YES;
				CLANG_WARN_UNREACHABLE_CODE = YES;
				CLANG_WARN__DUPLICATE_METHOD_MATCH = YES;
				"CODE_SIGN_IDENTITY[sdk=iphoneos*]" = "iPhone Developer";
				COPY_PHASE_STRIP = NO;
				DEBUG_INFORMATION_FORMAT = dwarf;
				ENABLE_STRICT_OBJC_MSGSEND = YES;
				ENABLE_TESTABILITY = YES;
				GCC_C_LANGUAGE_STANDARD = gnu99;
				GCC_DYNAMIC_NO_PIC = NO;
				GCC_NO_COMMON_BLOCKS = YES;
				GCC_OPTIMIZATION_LEVEL = 0;
				GCC_PREPROCESSOR_DEFINITIONS = (
					"DEBUG=1",
					"$(inherited)",
				);
				GCC_WARN_64_TO_32_BIT_CONVERSION = YES;
				GCC_WARN_ABOUT_RETURN_TYPE = YES_ERROR;
				GCC_WARN_UNDECLARED_SELECTOR = YES;
				GCC_WARN_UNINITIALIZED_AUTOS = YES_AGGRESSIVE;
				GCC_WARN_UNUSED_FUNCTION = YES;
				GCC_WARN_UNUSED_VARIABLE = YES;
				IPHONEOS_DEPLOYMENT_TARGET = 10.3;
				MTL_ENABLE_DEBUG_INFO = YES;
				ONLY_ACTIVE_ARCH = YES;
				SDKROOT = iphoneos;
				SWIFT_ACTIVE_COMPILATION_CONDITIONS = DEBUG;
				SWIFT_OPTIMIZATION_LEVEL = "-Onone";
			};
			name = Debug;
		};
		C95B7E7E1F06095A005C7BFE /* Release */ = {
			isa = XCBuildConfiguration;
			buildSettings = {
				ALWAYS_SEARCH_USER_PATHS = NO;
				CLANG_ANALYZER_NONNULL = YES;
				CLANG_ANALYZER_NUMBER_OBJECT_CONVERSION = YES_AGGRESSIVE;
				CLANG_CXX_LANGUAGE_STANDARD = "gnu++0x";
				CLANG_CXX_LIBRARY = "libc++";
				CLANG_ENABLE_MODULES = YES;
				CLANG_ENABLE_OBJC_ARC = YES;
				CLANG_WARN_BOOL_CONVERSION = YES;
				CLANG_WARN_CONSTANT_CONVERSION = YES;
				CLANG_WARN_DIRECT_OBJC_ISA_USAGE = YES_ERROR;
				CLANG_WARN_DOCUMENTATION_COMMENTS = YES;
				CLANG_WARN_EMPTY_BODY = YES;
				CLANG_WARN_ENUM_CONVERSION = YES;
				CLANG_WARN_INFINITE_RECURSION = YES;
				CLANG_WARN_INT_CONVERSION = YES;
				CLANG_WARN_OBJC_ROOT_CLASS = YES_ERROR;
				CLANG_WARN_SUSPICIOUS_MOVE = YES;
				CLANG_WARN_UNREACHABLE_CODE = YES;
				CLANG_WARN__DUPLICATE_METHOD_MATCH = YES;
				"CODE_SIGN_IDENTITY[sdk=iphoneos*]" = "iPhone Developer";
				COPY_PHASE_STRIP = NO;
				DEBUG_INFORMATION_FORMAT = "dwarf-with-dsym";
				ENABLE_NS_ASSERTIONS = NO;
				ENABLE_STRICT_OBJC_MSGSEND = YES;
				GCC_C_LANGUAGE_STANDARD = gnu99;
				GCC_NO_COMMON_BLOCKS = YES;
				GCC_WARN_64_TO_32_BIT_CONVERSION = YES;
				GCC_WARN_ABOUT_RETURN_TYPE = YES_ERROR;
				GCC_WARN_UNDECLARED_SELECTOR = YES;
				GCC_WARN_UNINITIALIZED_AUTOS = YES_AGGRESSIVE;
				GCC_WARN_UNUSED_FUNCTION = YES;
				GCC_WARN_UNUSED_VARIABLE = YES;
				IPHONEOS_DEPLOYMENT_TARGET = 10.3;
				MTL_ENABLE_DEBUG_INFO = NO;
				SDKROOT = iphoneos;
				SWIFT_OPTIMIZATION_LEVEL = "-Owholemodule";
				VALIDATE_PRODUCT = YES;
			};
			name = Release;
		};
		C95B7E801F06095A005C7BFE /* Debug */ = {
			isa = XCBuildConfiguration;
			baseConfigurationReference = E3BC135BE9567C90184C29E6 /* Pods-Catalog.debug.xcconfig */;
			buildSettings = {
				ASSETCATALOG_COMPILER_APPICON_NAME = AppIcon;
				DEVELOPMENT_TEAM = 95QAJKS55F;
				ENABLE_BITCODE = NO;
				INFOPLIST_FILE = Catalog/Info.plist;
				IPHONEOS_DEPLOYMENT_TARGET = 8.0;
				LD_RUNPATH_SEARCH_PATHS = "$(inherited) @executable_path/Frameworks";
				PRODUCT_BUNDLE_IDENTIFIER = com.yueke.callkit.demo;
				PRODUCT_NAME = "$(TARGET_NAME)";
				SWIFT_VERSION = 3.0;
			};
			name = Debug;
		};
		C95B7E811F06095A005C7BFE /* Release */ = {
			isa = XCBuildConfiguration;
			baseConfigurationReference = 139BFAFEB180935304BD6967 /* Pods-Catalog.release.xcconfig */;
			buildSettings = {
				ASSETCATALOG_COMPILER_APPICON_NAME = AppIcon;
				DEVELOPMENT_TEAM = 95QAJKS55F;
				ENABLE_BITCODE = NO;
				INFOPLIST_FILE = Catalog/Info.plist;
				IPHONEOS_DEPLOYMENT_TARGET = 8.0;
				LD_RUNPATH_SEARCH_PATHS = "$(inherited) @executable_path/Frameworks";
				PRODUCT_BUNDLE_IDENTIFIER = com.yueke.callkit.demo;
				PRODUCT_NAME = "$(TARGET_NAME)";
				SWIFT_VERSION = 3.0;
			};
			name = Release;
		};
/* End XCBuildConfiguration section */

/* Begin XCConfigurationList section */
		C95B7E681F06095A005C7BFE /* Build configuration list for PBXProject "Catalog" */ = {
			isa = XCConfigurationList;
			buildConfigurations = (
				C95B7E7D1F06095A005C7BFE /* Debug */,
				C95B7E7E1F06095A005C7BFE /* Release */,
			);
			defaultConfigurationIsVisible = 0;
			defaultConfigurationName = Release;
		};
		C95B7E7F1F06095A005C7BFE /* Build configuration list for PBXNativeTarget "Catalog" */ = {
			isa = XCConfigurationList;
			buildConfigurations = (
				C95B7E801F06095A005C7BFE /* Debug */,
				C95B7E811F06095A005C7BFE /* Release */,
			);
			defaultConfigurationIsVisible = 0;
			defaultConfigurationName = Release;
		};
/* End XCConfigurationList section */
	};
	rootObject = C95B7E651F06095A005C7BFE /* Project object */;
}
